// !$*UTF8*$!
{
	archiveVersion = 1;
	classes = {
	};
	objectVersion = 46;
	objects = {

/* Begin PBXBuildFile section */
		7688B3261EE25EE900FA8803 /* AppDelegate.swift in Sources */ = {isa = PBXBuildFile; fileRef = 7688B3251EE25EE900FA8803 /* AppDelegate.swift */; };
		7688B32B1EE25EE900FA8803 /* Main.storyboard in Resources */ = {isa = PBXBuildFile; fileRef = 7688B3291EE25EE900FA8803 /* Main.storyboard */; };
		7688B32E1EE25EE900FA8803 /* Dream_Lister.xcdatamodeld in Sources */ = {isa = PBXBuildFile; fileRef = 7688B32C1EE25EE900FA8803 /* Dream_Lister.xcdatamodeld */; };
		7688B3301EE25EE900FA8803 /* Assets.xcassets in Resources */ = {isa = PBXBuildFile; fileRef = 7688B32F1EE25EE900FA8803 /* Assets.xcassets */; };
		7688B3331EE25EE900FA8803 /* LaunchScreen.storyboard in Resources */ = {isa = PBXBuildFile; fileRef = 7688B3311EE25EE900FA8803 /* LaunchScreen.storyboard */; };
		7688B3421EE2633E00FA8803 /* ItemType+CoreDataClass.swift in Sources */ = {isa = PBXBuildFile; fileRef = 7688B33A1EE2633E00FA8803 /* ItemType+CoreDataClass.swift */; };
		7688B3431EE2633E00FA8803 /* ItemType+CoreDataProperties.swift in Sources */ = {isa = PBXBuildFile; fileRef = 7688B33B1EE2633E00FA8803 /* ItemType+CoreDataProperties.swift */; };
		7688B3441EE2633E00FA8803 /* Store+CoreDataClass.swift in Sources */ = {isa = PBXBuildFile; fileRef = 7688B33C1EE2633E00FA8803 /* Store+CoreDataClass.swift */; };
		7688B3451EE2633E00FA8803 /* Store+CoreDataProperties.swift in Sources */ = {isa = PBXBuildFile; fileRef = 7688B33D1EE2633E00FA8803 /* Store+CoreDataProperties.swift */; };
		7688B3461EE2633E00FA8803 /* Image+CoreDataClass.swift in Sources */ = {isa = PBXBuildFile; fileRef = 7688B33E1EE2633E00FA8803 /* Image+CoreDataClass.swift */; };
		7688B3471EE2633E00FA8803 /* Image+CoreDataProperties.swift in Sources */ = {isa = PBXBuildFile; fileRef = 7688B33F1EE2633E00FA8803 /* Image+CoreDataProperties.swift */; };
		7688B3481EE2633E00FA8803 /* Item+CoreDataClass.swift in Sources */ = {isa = PBXBuildFile; fileRef = 7688B3401EE2633E00FA8803 /* Item+CoreDataClass.swift */; };
		7688B3491EE2633E00FA8803 /* Item+CoreDataProperties.swift in Sources */ = {isa = PBXBuildFile; fileRef = 7688B3411EE2633E00FA8803 /* Item+CoreDataProperties.swift */; };
		7688B34E1EE2686A00FA8803 /* MaterialView.swift in Sources */ = {isa = PBXBuildFile; fileRef = 7688B34D1EE2686A00FA8803 /* MaterialView.swift */; };
		7688B3501EE26A1A00FA8803 /* ItemCell.swift in Sources */ = {isa = PBXBuildFile; fileRef = 7688B34F1EE26A1A00FA8803 /* ItemCell.swift */; };
		7688B3521EE26B0200FA8803 /* MainVC.swift in Sources */ = {isa = PBXBuildFile; fileRef = 7688B3511EE26B0200FA8803 /* MainVC.swift */; };
		7688B3551EE2E54A00FA8803 /* ItemDetailsVC.swift in Sources */ = {isa = PBXBuildFile; fileRef = 7688B3541EE2E54A00FA8803 /* ItemDetailsVC.swift */; };
		7688B3571EE2E77000FA8803 /* CustomTextField.swift in Sources */ = {isa = PBXBuildFile; fileRef = 7688B3561EE2E77000FA8803 /* CustomTextField.swift */; };
/* End PBXBuildFile section */

/* Begin PBXFileReference section */
		7688B3221EE25EE900FA8803 /* Dream Lister.app */ = {isa = PBXFileReference; explicitFileType = wrapper.application; includeInIndex = 0; path = "Dream Lister.app"; sourceTree = BUILT_PRODUCTS_DIR; };
		7688B3251EE25EE900FA8803 /* AppDelegate.swift */ = {isa = PBXFileReference; lastKnownFileType = sourcecode.swift; path = AppDelegate.swift; sourceTree = "<group>"; };
		7688B32A1EE25EE900FA8803 /* Base */ = {isa = PBXFileReference; lastKnownFileType = file.storyboard; name = Base; path = Base.lproj/Main.storyboard; sourceTree = "<group>"; };
		7688B32D1EE25EE900FA8803 /* Dream_Lister.xcdatamodel */ = {isa = PBXFileReference; lastKnownFileType = wrapper.xcdatamodel; path = Dream_Lister.xcdatamodel; sourceTree = "<group>"; };
		7688B32F1EE25EE900FA8803 /* Assets.xcassets */ = {isa = PBXFileReference; lastKnownFileType = folder.assetcatalog; path = Assets.xcassets; sourceTree = "<group>"; };
		7688B3321EE25EE900FA8803 /* Base */ = {isa = PBXFileReference; lastKnownFileType = file.storyboard; name = Base; path = Base.lproj/LaunchScreen.storyboard; sourceTree = "<group>"; };
		7688B3341EE25EE900FA8803 /* Info.plist */ = {isa = PBXFileReference; lastKnownFileType = text.plist.xml; path = Info.plist; sourceTree = "<group>"; };
		7688B33A1EE2633E00FA8803 /* ItemType+CoreDataClass.swift */ = {isa = PBXFileReference; fileEncoding = 4; lastKnownFileType = sourcecode.swift; path = "ItemType+CoreDataClass.swift"; sourceTree = "<group>"; };
		7688B33B1EE2633E00FA8803 /* ItemType+CoreDataProperties.swift */ = {isa = PBXFileReference; fileEncoding = 4; lastKnownFileType = sourcecode.swift; path = "ItemType+CoreDataProperties.swift"; sourceTree = "<group>"; };
		7688B33C1EE2633E00FA8803 /* Store+CoreDataClass.swift */ = {isa = PBXFileReference; fileEncoding = 4; lastKnownFileType = sourcecode.swift; path = "Store+CoreDataClass.swift"; sourceTree = "<group>"; };
		7688B33D1EE2633E00FA8803 /* Store+CoreDataProperties.swift */ = {isa = PBXFileReference; fileEncoding = 4; lastKnownFileType = sourcecode.swift; path = "Store+CoreDataProperties.swift"; sourceTree = "<group>"; };
		7688B33E1EE2633E00FA8803 /* Image+CoreDataClass.swift */ = {isa = PBXFileReference; fileEncoding = 4; lastKnownFileType = sourcecode.swift; path = "Image+CoreDataClass.swift"; sourceTree = "<group>"; };
		7688B33F1EE2633E00FA8803 /* Image+CoreDataProperties.swift */ = {isa = PBXFileReference; fileEncoding = 4; lastKnownFileType = sourcecode.swift; path = "Image+CoreDataProperties.swift"; sourceTree = "<group>"; };
		7688B3401EE2633E00FA8803 /* Item+CoreDataClass.swift */ = {isa = PBXFileReference; fileEncoding = 4; lastKnownFileType = sourcecode.swift; path = "Item+CoreDataClass.swift"; sourceTree = "<group>"; };
		7688B3411EE2633E00FA8803 /* Item+CoreDataProperties.swift */ = {isa = PBXFileReference; fileEncoding = 4; lastKnownFileType = sourcecode.swift; path = "Item+CoreDataProperties.swift"; sourceTree = "<group>"; };
		7688B34D1EE2686A00FA8803 /* MaterialView.swift */ = {isa = PBXFileReference; fileEncoding = 4; lastKnownFileType = sourcecode.swift; path = MaterialView.swift; sourceTree = "<group>"; };
		7688B34F1EE26A1A00FA8803 /* ItemCell.swift */ = {isa = PBXFileReference; fileEncoding = 4; lastKnownFileType = sourcecode.swift; path = ItemCell.swift; sourceTree = "<group>"; };
		7688B3511EE26B0200FA8803 /* MainVC.swift */ = {isa = PBXFileReference; fileEncoding = 4; lastKnownFileType = sourcecode.swift; path = MainVC.swift; sourceTree = "<group>"; };
		7688B3541EE2E54A00FA8803 /* ItemDetailsVC.swift */ = {isa = PBXFileReference; fileEncoding = 4; lastKnownFileType = sourcecode.swift; name = ItemDetailsVC.swift; path = ../ItemDetailsVC.swift; sourceTree = "<group>"; };
		7688B3561EE2E77000FA8803 /* CustomTextField.swift */ = {isa = PBXFileReference; fileEncoding = 4; lastKnownFileType = sourcecode.swift; path = CustomTextField.swift; sourceTree = "<group>"; };
/* End PBXFileReference section */

/* Begin PBXFrameworksBuildPhase section */
		7688B31F1EE25EE900FA8803 /* Frameworks */ = {
			isa = PBXFrameworksBuildPhase;
			buildActionMask = 2147483647;
			files = (
			);
			runOnlyForDeploymentPostprocessing = 0;
		};
/* End PBXFrameworksBuildPhase section */

/* Begin PBXGroup section */
		7688B3191EE25EE900FA8803 = {
			isa = PBXGroup;
			children = (
				7688B3241EE25EE900FA8803 /* Dream Lister */,
				7688B3231EE25EE900FA8803 /* Products */,
			);
			sourceTree = "<group>";
		};
		7688B3231EE25EE900FA8803 /* Products */ = {
			isa = PBXGroup;
			children = (
				7688B3221EE25EE900FA8803 /* Dream Lister.app */,
			);
			name = Products;
			sourceTree = "<group>";
		};
		7688B3241EE25EE900FA8803 /* Dream Lister */ = {
			isa = PBXGroup;
			children = (
				7688B34A1EE2634600FA8803 /* Model */,
				7688B34C1EE2685200FA8803 /* View */,
				7688B3531EE2E52500FA8803 /* Controller */,
				7688B3251EE25EE900FA8803 /* AppDelegate.swift */,
				7688B3291EE25EE900FA8803 /* Main.storyboard */,
				7688B34B1EE2634B00FA8803 /* Generated */,
				7688B32F1EE25EE900FA8803 /* Assets.xcassets */,
				7688B3311EE25EE900FA8803 /* LaunchScreen.storyboard */,
				7688B3341EE25EE900FA8803 /* Info.plist */,
				7688B32C1EE25EE900FA8803 /* Dream_Lister.xcdatamodeld */,
			);
			path = "Dream Lister";
			sourceTree = "<group>";
		};
		7688B34A1EE2634600FA8803 /* Model */ = {
			isa = PBXGroup;
			children = (
				7688B33A1EE2633E00FA8803 /* ItemType+CoreDataClass.swift */,
				7688B33C1EE2633E00FA8803 /* Store+CoreDataClass.swift */,
				7688B33E1EE2633E00FA8803 /* Image+CoreDataClass.swift */,
				7688B3401EE2633E00FA8803 /* Item+CoreDataClass.swift */,
			);
			name = Model;
			sourceTree = "<group>";
		};
		7688B34B1EE2634B00FA8803 /* Generated */ = {
			isa = PBXGroup;
			children = (
				7688B33B1EE2633E00FA8803 /* ItemType+CoreDataProperties.swift */,
				7688B33D1EE2633E00FA8803 /* Store+CoreDataProperties.swift */,
				7688B33F1EE2633E00FA8803 /* Image+CoreDataProperties.swift */,
				7688B3411EE2633E00FA8803 /* Item+CoreDataProperties.swift */,
			);
			name = Generated;
			sourceTree = "<group>";
		};
		7688B34C1EE2685200FA8803 /* View */ = {
			isa = PBXGroup;
			children = (
				7688B3561EE2E77000FA8803 /* CustomTextField.swift */,
				7688B34D1EE2686A00FA8803 /* MaterialView.swift */,
				7688B34F1EE26A1A00FA8803 /* ItemCell.swift */,
			);
			name = View;
			sourceTree = "<group>";
		};
		7688B3531EE2E52500FA8803 /* Controller */ = {
			isa = PBXGroup;
			children = (
				7688B3541EE2E54A00FA8803 /* ItemDetailsVC.swift */,
				7688B3511EE26B0200FA8803 /* MainVC.swift */,
			);
			name = Controller;
			sourceTree = "<group>";
		};
/* End PBXGroup section */

/* Begin PBXNativeTarget section */
		7688B3211EE25EE900FA8803 /* Dream Lister */ = {
			isa = PBXNativeTarget;
			buildConfigurationList = 7688B3371EE25EE900FA8803 /* Build configuration list for PBXNativeTarget "Dream Lister" */;
			buildPhases = (
				7688B31E1EE25EE900FA8803 /* Sources */,
				7688B31F1EE25EE900FA8803 /* Frameworks */,
				7688B3201EE25EE900FA8803 /* Resources */,
			);
			buildRules = (
			);
			dependencies = (
			);
			name = "Dream Lister";
			productName = "Dream Lister";
			productReference = 7688B3221EE25EE900FA8803 /* Dream Lister.app */;
			productType = "com.apple.product-type.application";
		};
/* End PBXNativeTarget section */

/* Begin PBXProject section */
		7688B31A1EE25EE900FA8803 /* Project object */ = {
			isa = PBXProject;
			attributes = {
				LastSwiftUpdateCheck = 0830;
				LastUpgradeCheck = 0830;
				ORGANIZATIONNAME = "Zack Falgout";
				TargetAttributes = {
					7688B3211EE25EE900FA8803 = {
						CreatedOnToolsVersion = 8.3.2;
						ProvisioningStyle = Automatic;
					};
				};
			};
			buildConfigurationList = 7688B31D1EE25EE900FA8803 /* Build configuration list for PBXProject "Dream Lister" */;
			compatibilityVersion = "Xcode 3.2";
			developmentRegion = English;
			hasScannedForEncodings = 0;
			knownRegions = (
				en,
				Base,
			);
			mainGroup = 7688B3191EE25EE900FA8803;
			productRefGroup = 7688B3231EE25EE900FA8803 /* Products */;
			projectDirPath = "";
			projectRoot = "";
			targets = (
				7688B3211EE25EE900FA8803 /* Dream Lister */,
			);
		};
/* End PBXProject section */

/* Begin PBXResourcesBuildPhase section */
		7688B3201EE25EE900FA8803 /* Resources */ = {
			isa = PBXResourcesBuildPhase;
			buildActionMask = 2147483647;
			files = (
				7688B3331EE25EE900FA8803 /* LaunchScreen.storyboard in Resources */,
				7688B3301EE25EE900FA8803 /* Assets.xcassets in Resources */,
				7688B32B1EE25EE900FA8803 /* Main.storyboard in Resources */,
			);
			runOnlyForDeploymentPostprocessing = 0;
		};
/* End PBXResourcesBuildPhase section */

/* Begin PBXSourcesBuildPhase section */
		7688B31E1EE25EE900FA8803 /* Sources */ = {
			isa = PBXSourcesBuildPhase;
			buildActionMask = 2147483647;
			files = (
				7688B3501EE26A1A00FA8803 /* ItemCell.swift in Sources */,
				7688B3481EE2633E00FA8803 /* Item+CoreDataClass.swift in Sources */,
				7688B3471EE2633E00FA8803 /* Image+CoreDataProperties.swift in Sources */,
				7688B3421EE2633E00FA8803 /* ItemType+CoreDataClass.swift in Sources */,
				7688B34E1EE2686A00FA8803 /* MaterialView.swift in Sources */,
				7688B3441EE2633E00FA8803 /* Store+CoreDataClass.swift in Sources */,
				7688B3431EE2633E00FA8803 /* ItemType+CoreDataProperties.swift in Sources */,
				7688B3461EE2633E00FA8803 /* Image+CoreDataClass.swift in Sources */,
				7688B3551EE2E54A00FA8803 /* ItemDetailsVC.swift in Sources */,
				7688B3451EE2633E00FA8803 /* Store+CoreDataProperties.swift in Sources */,
				7688B3261EE25EE900FA8803 /* AppDelegate.swift in Sources */,
				7688B3491EE2633E00FA8803 /* Item+CoreDataProperties.swift in Sources */,
				7688B32E1EE25EE900FA8803 /* Dream_Lister.xcdatamodeld in Sources */,
				7688B3521EE26B0200FA8803 /* MainVC.swift in Sources */,
				7688B3571EE2E77000FA8803 /* CustomTextField.swift in Sources */,
			);
			runOnlyForDeploymentPostprocessing = 0;
		};
/* End PBXSourcesBuildPhase section */

/* Begin PBXVariantGroup section */
		7688B3291EE25EE900FA8803 /* Main.storyboard */ = {
			isa = PBXVariantGroup;
			children = (
				7688B32A1EE25EE900FA8803 /* Base */,
			);
			name = Main.storyboard;
			sourceTree = "<group>";
		};
		7688B3311EE25EE900FA8803 /* LaunchScreen.storyboard */ = {
			isa = PBXVariantGroup;
			children = (
				7688B3321EE25EE900FA8803 /* Base */,
			);
			name = LaunchScreen.storyboard;
			sourceTree = "<group>";
		};
/* End PBXVariantGroup section */

/* Begin XCBuildConfiguration section */
		7688B3351EE25EE900FA8803 /* Debug */ = {
			isa = XCBuildConfiguration;
			buildSettings = {
				ALWAYS_SEARCH_USER_PATHS = NO;
				CLANG_ANALYZER_NONNULL = YES;
				CLANG_ANALYZER_NUMBER_OBJECT_CONVERSION = YES_AGGRESSIVE;
				CLANG_CXX_LANGUAGE_STANDARD = "gnu++0x";
				CLANG_CXX_LIBRARY = "libc++";
				CLANG_ENABLE_MODULES = YES;
				CLANG_ENABLE_OBJC_ARC = YES;
				CLANG_WARN_BOOL_CONVERSION = YES;
				CLANG_WARN_CONSTANT_CONVERSION = YES;
				CLANG_WARN_DIRECT_OBJC_ISA_USAGE = YES_ERROR;
				CLANG_WARN_DOCUMENTATION_COMMENTS = YES;
				CLANG_WARN_EMPTY_BODY = YES;
				CLANG_WARN_ENUM_CONVERSION = YES;
				CLANG_WARN_INFINITE_RECURSION = YES;
				CLANG_WARN_INT_CONVERSION = YES;
				CLANG_WARN_OBJC_ROOT_CLASS = YES_ERROR;
				CLANG_WARN_SUSPICIOUS_MOVE = YES;
				CLANG_WARN_UNREACHABLE_CODE = YES;
				CLANG_WARN__DUPLICATE_METHOD_MATCH = YES;
				"CODE_SIGN_IDENTITY[sdk=iphoneos*]" = "iPhone Developer";
				COPY_PHASE_STRIP = NO;
				DEBUG_INFORMATION_FORMAT = dwarf;
				ENABLE_STRICT_OBJC_MSGSEND = YES;
				ENABLE_TESTABILITY = YES;
				GCC_C_LANGUAGE_STANDARD = gnu99;
				GCC_DYNAMIC_NO_PIC = NO;
				GCC_NO_COMMON_BLOCKS = YES;
				GCC_OPTIMIZATION_LEVEL = 0;
				GCC_PREPROCESSOR_DEFINITIONS = (
					"DEBUG=1",
					"$(inherited)",
				);
				GCC_WARN_64_TO_32_BIT_CONVERSION = YES;
				GCC_WARN_ABOUT_RETURN_TYPE = YES_ERROR;
				GCC_WARN_UNDECLARED_SELECTOR = YES;
				GCC_WARN_UNINITIALIZED_AUTOS = YES_AGGRESSIVE;
				GCC_WARN_UNUSED_FUNCTION = YES;
				GCC_WARN_UNUSED_VARIABLE = YES;
				IPHONEOS_DEPLOYMENT_TARGET = 10.3;
				MTL_ENABLE_DEBUG_INFO = YES;
				ONLY_ACTIVE_ARCH = YES;
				SDKROOT = iphoneos;
				SWIFT_ACTIVE_COMPILATION_CONDITIONS = DEBUG;
				SWIFT_OPTIMIZATION_LEVEL = "-Onone";
				TARGETED_DEVICE_FAMILY = "1,2";
			};
			name = Debug;
		};
		7688B3361EE25EE900FA8803 /* Release */ = {
			isa = XCBuildConfiguration;
			buildSettings = {
				ALWAYS_SEARCH_USER_PATHS = NO;
				CLANG_ANALYZER_NONNULL = YES;
				CLANG_ANALYZER_NUMBER_OBJECT_CONVERSION = YES_AGGRESSIVE;
				CLANG_CXX_LANGUAGE_STANDARD = "gnu++0x";
				CLANG_CXX_LIBRARY = "libc++";
				CLANG_ENABLE_MODULES = YES;
				CLANG_ENABLE_OBJC_ARC = YES;
				CLANG_WARN_BOOL_CONVERSION = YES;
				CLANG_WARN_CONSTANT_CONVERSION = YES;
				CLANG_WARN_DIRECT_OBJC_ISA_USAGE = YES_ERROR;
				CLANG_WARN_DOCUMENTATION_COMMENTS = YES;
				CLANG_WARN_EMPTY_BODY = YES;
				CLANG_WARN_ENUM_CONVERSION = YES;
				CLANG_WARN_INFINITE_RECURSION = YES;
				CLANG_WARN_INT_CONVERSION = YES;
				CLANG_WARN_OBJC_ROOT_CLASS = YES_ERROR;
				CLANG_WARN_SUSPICIOUS_MOVE = YES;
				CLANG_WARN_UNREACHABLE_CODE = YES;
				CLANG_WARN__DUPLICATE_METHOD_MATCH = YES;
				"CODE_SIGN_IDENTITY[sdk=iphoneos*]" = "iPhone Developer";
				COPY_PHASE_STRIP = NO;
				DEBUG_INFORMATION_FORMAT = "dwarf-with-dsym";
				ENABLE_NS_ASSERTIONS = NO;
				ENABLE_STRICT_OBJC_MSGSEND = YES;
				GCC_C_LANGUAGE_STANDARD = gnu99;
				GCC_NO_COMMON_BLOCKS = YES;
				GCC_WARN_64_TO_32_BIT_CONVERSION = YES;
				GCC_WARN_ABOUT_RETURN_TYPE = YES_ERROR;
				GCC_WARN_UNDECLARED_SELECTOR = YES;
				GCC_WARN_UNINITIALIZED_AUTOS = YES_AGGRESSIVE;
				GCC_WARN_UNUSED_FUNCTION = YES;
				GCC_WARN_UNUSED_VARIABLE = YES;
				IPHONEOS_DEPLOYMENT_TARGET = 10.3;
				MTL_ENABLE_DEBUG_INFO = NO;
				SDKROOT = iphoneos;
				SWIFT_OPTIMIZATION_LEVEL = "-Owholemodule";
				TARGETED_DEVICE_FAMILY = "1,2";
				VALIDATE_PRODUCT = YES;
			};
			name = Release;
		};
		7688B3381EE25EE900FA8803 /* Debug */ = {
			isa = XCBuildConfiguration;
			buildSettings = {
				ASSETCATALOG_COMPILER_APPICON_NAME = AppIcon;
				INFOPLIST_FILE = "Dream Lister/Info.plist";
				LD_RUNPATH_SEARCH_PATHS = "$(inherited) @executable_path/Frameworks";
				PRODUCT_BUNDLE_IDENTIFIER = "com.cyberpenguin.Dream-Lister";
				PRODUCT_NAME = "$(TARGET_NAME)";
				SWIFT_VERSION = 3.0;
			};
			name = Debug;
		};
		7688B3391EE25EE900FA8803 /* Release */ = {
			isa = XCBuildConfiguration;
			buildSettings = {
				ASSETCATALOG_COMPILER_APPICON_NAME = AppIcon;
				INFOPLIST_FILE = "Dream Lister/Info.plist";
				LD_RUNPATH_SEARCH_PATHS = "$(inherited) @executable_path/Frameworks";
				PRODUCT_BUNDLE_IDENTIFIER = "com.cyberpenguin.Dream-Lister";
				PRODUCT_NAME = "$(TARGET_NAME)";
				SWIFT_VERSION = 3.0;
			};
			name = Release;
		};
/* End XCBuildConfiguration section */

/* Begin XCConfigurationList section */
		7688B31D1EE25EE900FA8803 /* Build configuration list for PBXProject "Dream Lister" */ = {
			isa = XCConfigurationList;
			buildConfigurations = (
				7688B3351EE25EE900FA8803 /* Debug */,
				7688B3361EE25EE900FA8803 /* Release */,
			);
			defaultConfigurationIsVisible = 0;
			defaultConfigurationName = Release;
		};
		7688B3371EE25EE900FA8803 /* Build configuration list for PBXNativeTarget "Dream Lister" */ = {
			isa = XCConfigurationList;
			buildConfigurations = (
				7688B3381EE25EE900FA8803 /* Debug */,
				7688B3391EE25EE900FA8803 /* Release */,
			);
			defaultConfigurationIsVisible = 0;
		};
/* End XCConfigurationList section */

/* Begin XCVersionGroup section */
		7688B32C1EE25EE900FA8803 /* Dream_Lister.xcdatamodeld */ = {
			isa = XCVersionGroup;
			children = (
				7688B32D1EE25EE900FA8803 /* Dream_Lister.xcdatamodel */,
			);
			currentVersion = 7688B32D1EE25EE900FA8803 /* Dream_Lister.xcdatamodel */;
			path = Dream_Lister.xcdatamodeld;
			sourceTree = "<group>";
			versionGroupType = wrapper.xcdatamodel;
		};
/* End XCVersionGroup section */
	};
	rootObject = 7688B31A1EE25EE900FA8803 /* Project object */;
}
